
Microsoft Visual Studio Solution File, Format Version 12.00
# Visual Studio Version 16
VisualStudioVersion = 16.0.31112.23
MinimumVisualStudioVersion = 10.0.40219.1
Project("{FAE04EC0-301F-11D3-BF4B-00C04F79EFBC}") = "senai.hroads.webApi", "senai.hroads.webApi\senai.hroads.webApi.csproj", "{775CC20B-897B-47BB-A4F0-79455A9DEB0C}"
EndProject
Global
	GlobalSection(SolutionConfigurationPlatforms) = preSolution
		Debug|Any CPU = Debug|Any CPU
		Release|Any CPU = Release|Any CPU
	EndGlobalSection
	GlobalSection(ProjectConfigurationPlatforms) = postSolution
		{775CC20B-897B-47BB-A4F0-79455A9DEB0C}.Debug|Any CPU.ActiveCfg = Debug|Any CPU
		{775CC20B-897B-47BB-A4F0-79455A9DEB0C}.Debug|Any CPU.Build.0 = Debug|Any CPU
		{775CC20B-897B-47BB-A4F0-79455A9DEB0C}.Release|Any CPU.ActiveCfg = Release|Any CPU
		{775CC20B-897B-47BB-A4F0-79455A9DEB0C}.Release|Any CPU.Build.0 = Release|Any CPU
	EndGlobalSection
	GlobalSection(SolutionProperties) = preSolution
		HideSolutionNode = FALSE
	EndGlobalSection
	GlobalSection(ExtensibilityGlobals) = postSolution
		SolutionGuid = {186A1E1E-DC28-406F-84C8-DC01FE389BEE}
	EndGlobalSection
EndGlobal
