
Microsoft Visual Studio Solution File, Format Version 12.00
# Visual Studio Version 16
VisualStudioVersion = 16.0.31105.61
MinimumVisualStudioVersion = 10.0.40219.1
Project("{FAE04EC0-301F-11D3-BF4B-00C04F79EFBC}") = "Senai.Peoples.WebApi", "Senai.Peoples.WebApi\Senai.Peoples.WebApi.csproj", "{5AD93813-B718-4D9E-8067-DB5C66885F31}"
EndProject
Global
	GlobalSection(SolutionConfigurationPlatforms) = preSolution
		Debug|Any CPU = Debug|Any CPU
		Release|Any CPU = Release|Any CPU
	EndGlobalSection
	GlobalSection(ProjectConfigurationPlatforms) = postSolution
		{5AD93813-B718-4D9E-8067-DB5C66885F31}.Debug|Any CPU.ActiveCfg = Debug|Any CPU
		{5AD93813-B718-4D9E-8067-DB5C66885F31}.Debug|Any CPU.Build.0 = Debug|Any CPU
		{5AD93813-B718-4D9E-8067-DB5C66885F31}.Release|Any CPU.ActiveCfg = Release|Any CPU
		{5AD93813-B718-4D9E-8067-DB5C66885F31}.Release|Any CPU.Build.0 = Release|Any CPU
	EndGlobalSection
	GlobalSection(SolutionProperties) = preSolution
		HideSolutionNode = FALSE
	EndGlobalSection
	GlobalSection(ExtensibilityGlobals) = postSolution
		SolutionGuid = {F0BB7B75-2126-4346-8D6D-AB853B32D197}
	EndGlobalSection
EndGlobal
